# This file is automatically @generated by Poetry 1.8.3 and should not be changed by hand.

[[package]]
name = "autopep8"
version = "2.3.1"
description = "A tool that automatically formats Python code to conform to the PEP 8 style guide"
optional = false
python-versions = ">=3.8"
files = [
    {file = "autopep8-2.3.1-py2.py3-none-any.whl", hash = "sha256:a203fe0fcad7939987422140ab17a930f684763bf7335bdb6709991dd7ef6c2d"},
    {file = "autopep8-2.3.1.tar.gz", hash = "sha256:8d6c87eba648fdcfc83e29b788910b8643171c395d9c4bcf115ece035b9c9dda"},
]

[package.dependencies]
pycodestyle = ">=2.12.0"
tomli = {version = "*", markers = "python_version < \"3.11\""}

[[package]]
name = "pycodestyle"
version = "2.12.0"
description = "Python style guide checker"
optional = false
python-versions = ">=3.8"
files = [
    {file = "pycodestyle-2.12.0-py2.py3-none-any.whl", hash = "sha256:949a39f6b86c3e1515ba1787c2022131d165a8ad271b11370a8819aa070269e4"},
    {file = "pycodestyle-2.12.0.tar.gz", hash = "sha256:442f950141b4f43df752dd303511ffded3a04c2b6fb7f65980574f0c31e6e79c"},
]

[[package]]
name = "ruff"
version = "0.0.267"
description = "An extremely fast Python linter, written in Rust."
optional = false
python-versions = ">=3.7"
files = [
    {file = "ruff-0.0.267-py3-none-macosx_10_7_x86_64.whl", hash = "sha256:4adbbbe314d8fcc539a245065bad89446a3cef2e0c9cf70bf7bb9ed6fe31856d"},
    {file = "ruff-0.0.267-py3-none-macosx_10_9_x86_64.macosx_11_0_arm64.macosx_10_9_universal2.whl", hash = "sha256:67254ae34c38cba109fdc52e4a70887de1f850fb3971e5eeef343db67305d1c1"},
    {file = "ruff-0.0.267-py3-none-manylinux_2_17_aarch64.manylinux2014_aarch64.whl", hash = "sha256:bbe104f21a429b77eb5ac276bd5352fd8c0e1fbb580b4c772f77ee8c76825654"},
    {file = "ruff-0.0.267-py3-none-manylinux_2_17_armv7l.manylinux2014_armv7l.whl", hash = "sha256:db33deef2a5e1cf528ca51cc59dd764122a48a19a6c776283b223d147041153f"},
    {file = "ruff-0.0.267-py3-none-manylinux_2_17_i686.manylinux2014_i686.whl", hash = "sha256:9adf1307fa9d840d1acaa477eb04f9702032a483214c409fca9dc46f5f157fe3"},
    {file = "ruff-0.0.267-py3-none-manylinux_2_17_ppc64.manylinux2014_ppc64.whl", hash = "sha256:0afca3633c8e2b6c0a48ad0061180b641b3b404d68d7e6736aab301c8024c424"},
    {file = "ruff-0.0.267-py3-none-manylinux_2_17_ppc64le.manylinux2014_ppc64le.whl", hash = "sha256:2972241065b1c911bce3db808837ed10f4f6f8a8e15520a4242d291083605ab6"},
    {file = "ruff-0.0.267-py3-none-manylinux_2_17_s390x.manylinux2014_s390x.whl", hash = "sha256:f731d81cb939e757b0335b0090f18ca2e9ff8bcc8e6a1cf909245958949b6e11"},
    {file = "ruff-0.0.267-py3-none-manylinux_2_17_x86_64.manylinux2014_x86_64.whl", hash = "sha256:20c594eb56c19063ef5a57f89340e64c6550e169d6a29408a45130a8c3068adc"},
    {file = "ruff-0.0.267-py3-none-musllinux_1_2_aarch64.whl", hash = "sha256:45d61a2b01bdf61581a2ee039503a08aa603dc74a6bbe6fb5d1ce3052f5370e5"},
    {file = "ruff-0.0.267-py3-none-musllinux_1_2_armv7l.whl", hash = "sha256:2107cec3699ca4d7bd41543dc1d475c97ae3a21ea9212238b5c2088fa8ee7722"},
    {file = "ruff-0.0.267-py3-none-musllinux_1_2_i686.whl", hash = "sha256:786de30723c71fc46b80a173c3313fc0dbe73c96bd9da8dd1212cbc2f84cdfb2"},
    {file = "ruff-0.0.267-py3-none-musllinux_1_2_x86_64.whl", hash = "sha256:5a898953949e37c109dd242cfcf9841e065319995ebb7cdfd213b446094a942f"},
    {file = "ruff-0.0.267-py3-none-win32.whl", hash = "sha256:d12ab329474c46b96d962e2bdb92e3ad2144981fe41b89c7770f370646c0101f"},
    {file = "ruff-0.0.267-py3-none-win_amd64.whl", hash = "sha256:d09aecc9f5845586ba90911d815f9772c5a6dcf2e34be58c6017ecb124534ac4"},
    {file = "ruff-0.0.267-py3-none-win_arm64.whl", hash = "sha256:7df7eb5f8d791566ba97cc0b144981b9c080a5b861abaf4bb35a26c8a77b83e9"},
    {file = "ruff-0.0.267.tar.gz", hash = "sha256:632cec7bbaf3c06fcf0a72a1dd029b7d8b7f424ba95a574aaa135f5d20a00af7"},
]

[[package]]
name = "tomli"
version = "2.0.1"
description = "A lil' TOML parser"
optional = false
python-versions = ">=3.7"
files = [
    {file = "tomli-2.0.1-py3-none-any.whl", hash = "sha256:939de3e7a6161af0c887ef91b7d41a53e7c5a1ca976325f429cb46ea9bc30ecc"},
    {file = "tomli-2.0.1.tar.gz", hash = "sha256:de526c12914f0c550d15924c62d72abc48d6fe7364aa87328337a31007fe8a4f"},
]

[metadata]
lock-version = "2.0"
python-versions = "^3.10"
content-hash = "07e107fb886305a03f19111858974c61e321c4d403635db50bf243db52bb1ea3"
